
Microsoft Visual Studio Solution File, Format Version 12.00
# Visual Studio 15
VisualStudioVersion = 15.0.28307.1259
MinimumVisualStudioVersion = 10.0.40219.1
Project("{FAE04EC0-301F-11D3-BF4B-00C04F79EFBC}") = "DAWProject", "DAWProject\DAWProject.csproj", "{356BEDFB-F3AB-4F7E-A338-A1CE453A81BF}"
EndProject
Global
	GlobalSection(SolutionConfigurationPlatforms) = preSolution
		Debug|Any CPU = Debug|Any CPU
		Release|Any CPU = Release|Any CPU
	EndGlobalSection
	GlobalSection(ProjectConfigurationPlatforms) = postSolution
		{356BEDFB-F3AB-4F7E-A338-A1CE453A81BF}.Debug|Any CPU.ActiveCfg = Debug|Any CPU
		{356BEDFB-F3AB-4F7E-A338-A1CE453A81BF}.Debug|Any CPU.Build.0 = Debug|Any CPU
		{356BEDFB-F3AB-4F7E-A338-A1CE453A81BF}.Release|Any CPU.ActiveCfg = Release|Any CPU
		{356BEDFB-F3AB-4F7E-A338-A1CE453A81BF}.Release|Any CPU.Build.0 = Release|Any CPU
	EndGlobalSection
	GlobalSection(SolutionProperties) = preSolution
		HideSolutionNode = FALSE
	EndGlobalSection
	GlobalSection(ExtensibilityGlobals) = postSolution
		SolutionGuid = {ADF47122-CB06-4DE9-95F8-D093BA154996}
	EndGlobalSection
EndGlobal
